
Microsoft Visual Studio Solution File, Format Version 12.00
# Visual Studio Version 16
VisualStudioVersion = 16.0.30114.105
MinimumVisualStudioVersion = 10.0.40219.1
Project("{FAE04EC0-301F-11D3-BF4B-00C04F79EFBC}") = "CurrenciesRates", "CurrenciesRates\CurrenciesRates.csproj", "{E9F5B334-5D04-4D11-B0F6-14916755429D}"
EndProject
Global
	GlobalSection(SolutionConfigurationPlatforms) = preSolution
		Debug|Any CPU = Debug|Any CPU
		Release|Any CPU = Release|Any CPU
	EndGlobalSection
	GlobalSection(ProjectConfigurationPlatforms) = postSolution
		{E9F5B334-5D04-4D11-B0F6-14916755429D}.Debug|Any CPU.ActiveCfg = Debug|Any CPU
		{E9F5B334-5D04-4D11-B0F6-14916755429D}.Debug|Any CPU.Build.0 = Debug|Any CPU
		{E9F5B334-5D04-4D11-B0F6-14916755429D}.Release|Any CPU.ActiveCfg = Release|Any CPU
		{E9F5B334-5D04-4D11-B0F6-14916755429D}.Release|Any CPU.Build.0 = Release|Any CPU
	EndGlobalSection
	GlobalSection(SolutionProperties) = preSolution
		HideSolutionNode = FALSE
	EndGlobalSection
	GlobalSection(ExtensibilityGlobals) = postSolution
		SolutionGuid = {6480D9D7-58E3-4248-BE45-796295E155F2}
	EndGlobalSection
EndGlobal
